
Microsoft Visual Studio Solution File, Format Version 12.00
# Visual Studio Version 17
VisualStudioVersion = 17.0.31903.59
MinimumVisualStudioVersion = 10.0.40219.1
Project("{FAE04EC0-301F-11D3-BF4B-00C04F79EFBC}") = "Digi.Core", "Digi.Core\Digi.Core.csproj", "{D1F93181-6F82-4444-ACB6-326A9A8B3541}"
EndProject
Project("{FAE04EC0-301F-11D3-BF4B-00C04F79EFBC}") = "Digi.Infra", "Digi.Infra\Digi.Infra.csproj", "{9EB7F86F-4147-4DE2-A3AE-28A29F3CE5E7}"
EndProject
Project("{FAE04EC0-301F-11D3-BF4B-00C04F79EFBC}") = "Digi.WebUI", "Digi.WebUI\Digi.WebUI.csproj", "{DB957A96-D0FA-4183-9A6A-41E119AB0C52}"
EndProject
Global
	GlobalSection(SolutionConfigurationPlatforms) = preSolution
		Debug|Any CPU = Debug|Any CPU
		Release|Any CPU = Release|Any CPU
	EndGlobalSection
	GlobalSection(SolutionProperties) = preSolution
		HideSolutionNode = FALSE
	EndGlobalSection
	GlobalSection(ProjectConfigurationPlatforms) = postSolution
		{D1F93181-6F82-4444-ACB6-326A9A8B3541}.Debug|Any CPU.ActiveCfg = Debug|Any CPU
		{D1F93181-6F82-4444-ACB6-326A9A8B3541}.Debug|Any CPU.Build.0 = Debug|Any CPU
		{D1F93181-6F82-4444-ACB6-326A9A8B3541}.Release|Any CPU.ActiveCfg = Release|Any CPU
		{D1F93181-6F82-4444-ACB6-326A9A8B3541}.Release|Any CPU.Build.0 = Release|Any CPU
		{9EB7F86F-4147-4DE2-A3AE-28A29F3CE5E7}.Debug|Any CPU.ActiveCfg = Debug|Any CPU
		{9EB7F86F-4147-4DE2-A3AE-28A29F3CE5E7}.Debug|Any CPU.Build.0 = Debug|Any CPU
		{9EB7F86F-4147-4DE2-A3AE-28A29F3CE5E7}.Release|Any CPU.ActiveCfg = Release|Any CPU
		{9EB7F86F-4147-4DE2-A3AE-28A29F3CE5E7}.Release|Any CPU.Build.0 = Release|Any CPU
		{DB957A96-D0FA-4183-9A6A-41E119AB0C52}.Debug|Any CPU.ActiveCfg = Debug|Any CPU
		{DB957A96-D0FA-4183-9A6A-41E119AB0C52}.Debug|Any CPU.Build.0 = Debug|Any CPU
		{DB957A96-D0FA-4183-9A6A-41E119AB0C52}.Release|Any CPU.ActiveCfg = Release|Any CPU
		{DB957A96-D0FA-4183-9A6A-41E119AB0C52}.Release|Any CPU.Build.0 = Release|Any CPU
	EndGlobalSection
EndGlobal
